
Microsoft Visual Studio Solution File, Format Version 12.00
# Visual Studio Version 17
VisualStudioVersion = 17.14.36414.22 d17.14
MinimumVisualStudioVersion = 10.0.40219.1
Project("{8BC9CEB8-8B4A-11D0-8D11-00A0C91BC942}") = "Engine", "Engine\Engine.vcxproj", "{EED3C586-C882-4C07-8E56-84AFEF55C17D}"
EndProject
Project("{8BC9CEB8-8B4A-11D0-8D11-00A0C91BC942}") = "Game", "Game\Game.vcxproj", "{BEA8F13D-AC63-471B-A3FA-171F00C98E39}"
EndProject
Project("{8BC9CEB8-8B4A-11D0-8D11-00A0C91BC942}") = "Editor", "Editor\Editor.vcxproj", "{78D5B287-99C0-4E2E-8B11-01362CF4907E}"
EndProject
Global
	GlobalSection(SolutionConfigurationPlatforms) = preSolution
		Debug|x64 = Debug|x64
		Debug|x86 = Debug|x86
		Release|x64 = Release|x64
		Release|x86 = Release|x86
	EndGlobalSection
	GlobalSection(ProjectConfigurationPlatforms) = postSolution
		{EED3C586-C882-4C07-8E56-84AFEF55C17D}.Debug|x64.ActiveCfg = Debug|x64
		{EED3C586-C882-4C07-8E56-84AFEF55C17D}.Debug|x64.Build.0 = Debug|x64
		{EED3C586-C882-4C07-8E56-84AFEF55C17D}.Debug|x86.ActiveCfg = Debug|Win32
		{EED3C586-C882-4C07-8E56-84AFEF55C17D}.Debug|x86.Build.0 = Debug|Win32
		{EED3C586-C882-4C07-8E56-84AFEF55C17D}.Release|x64.ActiveCfg = Release|x64
		{EED3C586-C882-4C07-8E56-84AFEF55C17D}.Release|x64.Build.0 = Release|x64
		{EED3C586-C882-4C07-8E56-84AFEF55C17D}.Release|x86.ActiveCfg = Release|Win32
		{EED3C586-C882-4C07-8E56-84AFEF55C17D}.Release|x86.Build.0 = Release|Win32
		{BEA8F13D-AC63-471B-A3FA-171F00C98E39}.Debug|x64.ActiveCfg = Debug|x64
		{BEA8F13D-AC63-471B-A3FA-171F00C98E39}.Debug|x64.Build.0 = Debug|x64
		{BEA8F13D-AC63-471B-A3FA-171F00C98E39}.Debug|x86.ActiveCfg = Debug|Win32
		{BEA8F13D-AC63-471B-A3FA-171F00C98E39}.Debug|x86.Build.0 = Debug|Win32
		{BEA8F13D-AC63-471B-A3FA-171F00C98E39}.Release|x64.ActiveCfg = Release|x64
		{BEA8F13D-AC63-471B-A3FA-171F00C98E39}.Release|x64.Build.0 = Release|x64
		{BEA8F13D-AC63-471B-A3FA-171F00C98E39}.Release|x86.ActiveCfg = Release|Win32
		{BEA8F13D-AC63-471B-A3FA-171F00C98E39}.Release|x86.Build.0 = Release|Win32
		{78D5B287-99C0-4E2E-8B11-01362CF4907E}.Debug|x64.ActiveCfg = Debug|x64
		{78D5B287-99C0-4E2E-8B11-01362CF4907E}.Debug|x64.Build.0 = Debug|x64
		{78D5B287-99C0-4E2E-8B11-01362CF4907E}.Debug|x86.ActiveCfg = Debug|Win32
		{78D5B287-99C0-4E2E-8B11-01362CF4907E}.Debug|x86.Build.0 = Debug|Win32
		{78D5B287-99C0-4E2E-8B11-01362CF4907E}.Release|x64.ActiveCfg = Release|x64
		{78D5B287-99C0-4E2E-8B11-01362CF4907E}.Release|x64.Build.0 = Release|x64
		{78D5B287-99C0-4E2E-8B11-01362CF4907E}.Release|x86.ActiveCfg = Release|Win32
		{78D5B287-99C0-4E2E-8B11-01362CF4907E}.Release|x86.Build.0 = Release|Win32
	EndGlobalSection
	GlobalSection(SolutionProperties) = preSolution
		HideSolutionNode = FALSE
	EndGlobalSection
	GlobalSection(ExtensibilityGlobals) = postSolution
		SolutionGuid = {6036C5B0-DF83-4672-8D76-A363E131BCF7}
	EndGlobalSection
EndGlobal
