<?xml version="1.0" encoding="utf-8"?>
<Project ToolsVersion="4.0" xmlns="http://schemas.microsoft.com/developer/msbuild/2003">
  <ItemGroup>
    <ClCompile Include="src\main.cpp" />
    <ClCompile Include="src\GUIManager.cpp" />
    <ClCompile Include="src\EditorState.cpp" />
    <ClCompile Include="src\EditorCamera.cpp" />
    <ClCompile Include="src\EditorInputManager.cpp" />
    <ClCompile Include="src\RaycastUtil.cpp" />
    <ClCompile Include="src\Panels\EditorPanel.cpp" />
    <ClCompile Include="src\Panels\PanelManager.cpp" />
    <ClCompile Include="src\Panels\ScenePanel.cpp" />
    <ClCompile Include="src\Panels\SceneHierarchyPanel.cpp" />
    <ClCompile Include="src\Panels\InspectorPanel.cpp" />
    <ClCompile Include="src\Panels\ConsolePanel.cpp" />
    <ClCompile Include="src\Panels\GamePanel.cpp" />
    <ClCompile Include="src\Panels\PlayControlPanel.cpp" />
    <ClCompile Include="src\Panels\PerformancePanel.cpp" />
    <ClCompile Include="src\Panels\AssetBrowserPanel.cpp" />
  </ItemGroup>
  <ItemGroup>
    <ClInclude Include="include\GUIManager.hpp" />
    <ClInclude Include="include\EditorState.hpp" />
    <ClInclude Include="include\EditorCamera.hpp" />
    <ClInclude Include="include\EditorInputManager.hpp" />
    <ClInclude Include="include\RaycastUtil.hpp" />
    <ClInclude Include="include\Panels\PlayControlPanel.hpp" />
    <ClInclude Include="include\Panels\PerformancePanel.hpp" />
    <ClInclude Include="include\Panels\AssetBrowserPanel.hpp" />
  </ItemGroup>
  <ItemGroup>
    <ClInclude Include="include\GUIManager.hpp" />
    <ClInclude Include="include\Panels\EditorPanel.hpp" />
    <ClInclude Include="include\Panels\PanelManager.hpp" />
    <ClInclude Include="include\Panels\ScenePanel.hpp" />
    <ClInclude Include="include\Panels\SceneHierarchyPanel.hpp" />
    <ClInclude Include="include\Panels\InspectorPanel.hpp" />
    <ClInclude Include="include\Panels\ConsolePanel.hpp" />
    <ClInclude Include="include\Panels\GamePanel.hpp" />
  </ItemGroup>
</Project>