<?xml version="1.0" encoding="utf-8"?>
<Project ToolsVersion="4.0" xmlns="http://schemas.microsoft.com/developer/msbuild/2003">
  <ItemGroup>
    <Filter Include="Resource Files">
      <UniqueIdentifier>{67DA6AB6-F800-4c08-8B7A-83BB121AAD01}</UniqueIdentifier>
      <Extensions>rc;ico;cur;bmp;dlg;rc2;rct;bin;rgs;gif;jpg;jpeg;jpe;resx;tiff;tif;png;wav;mfcribbon-ms</Extensions>
    </Filter>
  </ItemGroup>
  <ItemGroup>
    <ClInclude Include="include\Engine.h" />
    <ClInclude Include="include\pch.h" />
    <ClInclude Include="src\Input\InputManager.hpp" />
    <ClInclude Include="src\ECS\Entity.hpp" />
    <ClInclude Include="src\ECS\ECSManager.hpp" />
    <ClInclude Include="src\ECS\EntityManager.hpp" />
    <ClInclude Include="src\ECS\Component.hpp" />
    <ClInclude Include="src\ECS\ComponentArray.hpp" />
    <ClInclude Include="src\ECS\ComponentManager.hpp" />
    <ClInclude Include="src\ECS\Signature.hpp" />
    <ClInclude Include="src\ECS\System.hpp" />
    <ClInclude Include="src\ECS\SystemManager.hpp" />
    <ClInclude Include="src\ECS\ECSRegistry.hpp" />
    <ClInclude Include="include\Graphics\Camera.h" />
    <ClInclude Include="include\Graphics\EBO.h" />
    <ClInclude Include="include\Graphics\Mesh.h" />
    <ClInclude Include="include\Graphics\ShaderClass.h" />
    <ClInclude Include="include\Graphics\Texture.h" />
    <ClInclude Include="include\Graphics\VAO.h" />
    <ClInclude Include="include\Graphics\VBO.h" />
    <ClInclude Include="include\Graphics\stb_image.h" />
    <ClInclude Include="include\Graphics\Model.h" />
    <ClInclude Include="include\Graphics\TextureManager.h" />
  </ItemGroup>
  <ItemGroup>
    <ClCompile Include="src\Engine.cpp" />
    <ClCompile Include="src\glad.c" />
    <ClCompile Include="src\pch.cpp" />
    <ClCompile Include="src\Input\InputManager.cpp" />
    <ClCompile Include="src\ECS\EntityManager.cpp" />
    <ClCompile Include="src\ECS\ECSManager.cpp" />
    <ClCompile Include="src\ECS\ECSRegistry.cpp" />
    <ClCompile Include="src\Graphics\EBO.cpp" />
    <ClCompile Include="src\Graphics\VAO.cpp" />
    <ClCompile Include="src\Graphics\VBO.cpp" />
    <ClCompile Include="src\Graphics\Texture.cpp" />
    <ClCompile Include="src\Graphics\Mesh.cpp" />
    <ClCompile Include="src\Graphics\ShaderClass.cpp" />
    <ClCompile Include="src\Graphics\Model.cpp" />
    <ClCompile Include="src\Graphics\TextureManager.cpp" />
  </ItemGroup>
  <ItemGroup>
    <None Include="cpp.hint" />
  </ItemGroup>
</Project>