<?xml version="1.0" encoding="utf-8"?>
<Project ToolsVersion="4.0" xmlns="http://schemas.microsoft.com/developer/msbuild/2003">
  <ItemGroup>
    <Filter Include="Resource Files">
      <UniqueIdentifier>{67DA6AB6-F800-4c08-8B7A-83BB121AAD01}</UniqueIdentifier>
      <Extensions>rc;ico;cur;bmp;dlg;rc2;rct;bin;rgs;gif;jpg;jpeg;jpe;resx;tiff;tif;png;wav;mfcribbon-ms</Extensions>
    </Filter>
  </ItemGroup>
  <ItemGroup>
    <ClInclude Include="include\Engine.h" />
    <ClInclude Include="include\pch.h" />
    <ClInclude Include="include\Input\InputManager.hpp" />
    <ClInclude Include="include\Graphics\Camera.h" />
    <ClInclude Include="include\Graphics\EBO.h" />
    <ClInclude Include="include\Graphics\Mesh.h" />
    <ClInclude Include="include\Graphics\ShaderClass.h" />
    <ClInclude Include="include\Graphics\Texture.h" />
    <ClInclude Include="include\Graphics\VAO.h" />
    <ClInclude Include="include\Graphics\VBO.h" />
    <ClInclude Include="include\Graphics\stb_image.h" />
    <ClInclude Include="include\Graphics\Model\Model.h" />
    <ClInclude Include="include\Math\Vector3D.h" />
    <ClInclude Include="include\Math\Matrix4x4.h" />
    <ClInclude Include="include\Math\Matrix3x3.h" />
    <ClInclude Include="include\ECS\Component.hpp" />
    <ClInclude Include="include\ECS\ComponentArray.hpp" />
    <ClInclude Include="include\ECS\ComponentManager.hpp" />
    <ClInclude Include="include\ECS\ECSManager.hpp" />
    <ClInclude Include="include\ECS\ECSRegistry.hpp" />
    <ClInclude Include="include\ECS\Entity.hpp" />
    <ClInclude Include="include\ECS\EntityManager.hpp" />
    <ClInclude Include="include\ECS\Signature.hpp" />
    <ClInclude Include="include\ECS\System.hpp" />
    <ClInclude Include="include\ECS\SystemManager.hpp" />
    <ClInclude Include="include\Asset Manager\Asset.hpp" />
    <ClInclude Include="include\Asset Manager\AssetManager.hpp" />
    <ClInclude Include="include\WindowManager.hpp" />
    <ClInclude Include="include\Graphics\TextureManager.h" />
    <ClInclude Include="include\Graphics\Model\ModelSystem.hpp" />
    <ClInclude Include="include\Asset Manager\GUID.hpp" />
    <ClInclude Include="include\Asset Manager\MetaFilesManager.hpp" />
    <ClInclude Include="include\Scene\SceneInstance.hpp" />
    <ClInclude Include="include\Graphics\LightManager.hpp" />
    <ClInclude Include="include\Serialization\Deserialization.hpp" />
    <ClInclude Include="include\Serialization\Deserialization.ipp" />
    <ClInclude Include="include\Graphics\Material.hpp" />
    <ClInclude Include="include\Graphics\IRenderComponent.hpp" />
    <ClInclude Include="include\Graphics\Model\ModelRenderComponent.hpp" />
    <ClInclude Include="include\Graphics\GraphicsManager.hpp" />
    <ClInclude Include="include\Graphics\TextRendering\Font.hpp" />
    <ClInclude Include="include\Graphics\TextRendering\TextRenderingSystem.hpp" />
    <ClInclude Include="include\Graphics\TextRendering\TextRenderComponent.hpp" />
    <ClInclude Include="include\Logging.hpp" />
    <ClInclude Include="include\Scene\Scene.hpp" />
    <ClInclude Include="include\Scene\SceneManager.hpp" />
    <ClInclude Include="include\Transform\TransformSystem.hpp" />
    <ClInclude Include="include\Transform\TransformComponent.hpp" />
    <ClInclude Include="include\Graphics\TextRendering\TextUtils.hpp" />
  </ItemGroup>
  <ItemGroup>
    <ClCompile Include="src\Engine.cpp" />
    <ClCompile Include="src\glad.c" />
    <ClCompile Include="src\pch.cpp" />
    <ClCompile Include="src\Input\InputManager.cpp" />
    <ClCompile Include="src\ECS\EntityManager.cpp" />
    <ClCompile Include="src\ECS\ECSManager.cpp" />
    <ClCompile Include="src\ECS\ECSRegistry.cpp" />
    <ClCompile Include="src\Graphics\EBO.cpp" />
    <ClCompile Include="src\Graphics\VAO.cpp" />
    <ClCompile Include="src\Graphics\VBO.cpp" />
    <ClCompile Include="src\Graphics\Texture.cpp" />
    <ClCompile Include="src\Graphics\Mesh.cpp" />
    <ClCompile Include="src\Graphics\ShaderClass.cpp" />
    <ClCompile Include="src\Graphics\Model\Model.cpp" />
    <ClCompile Include="src\Math\Vector3D.cpp" />
    <ClCompile Include="src\Math\Matrix4x4.cpp" />
    <ClCompile Include="src\Math\Matrix3x3.cpp" />
    <ClCompile Include="src\WindowManager.cpp" />
    <ClCompile Include="src\Graphics\LightManager.cpp" />
    <ClCompile Include="src\Serialization\Deserialization.cpp" />
    <ClCompile Include="src\Graphics\Model\ModelSystem.cpp" />
    <ClCompile Include="src\Asset Manager\GUID.cpp" />
    <ClCompile Include="src\Asset Manager\MetaFilesManager.cpp" />
    <ClCompile Include="src\Scene\SceneInstance.cpp" />
    <ClCompile Include="src\Graphics\Material.cpp" />
    <ClCompile Include="src\Graphics\GraphicsManager.cpp" />
    <ClCompile Include="src\Graphics\TextRendering\Font.cpp" />
    <ClCompile Include="src\Graphics\TextRendering\TextRenderingSystem.cpp" />
    <ClCompile Include="src\Logging.cpp" />
    <ClCompile Include="src\Scene\SceneManager.cpp" />
    <ClCompile Include="src\TransformSystem.cpp" />
    <ClCompile Include="src\Graphics\TextRendering\TextUtils.cpp" />
  </ItemGroup>
  <ItemGroup>
    <None Include="cpp.hint" />
  </ItemGroup>
</Project>